
Microsoft Visual Studio Solution File, Format Version 12.00
Project("{FAE04EC0-301F-11D3-BF4B-00C04F79EFBC}") = "Gateway.Api", "Gateway.Api\Gateway.Api.csproj", "{D5A99654-F87F-4532-BBF9-B04E1E359A13}"
EndProject
Project("{FAE04EC0-301F-11D3-BF4B-00C04F79EFBC}") = "Gateway.Application", "Gateway.Application\Gateway.Application.csproj", "{A701DD34-99CA-4FA2-B3CE-7E6B464EFEF2}"
EndProject
Project("{FAE04EC0-301F-11D3-BF4B-00C04F79EFBC}") = "Gatway.Domain", "Gatway.Domain\Gatway.Domain.csproj", "{11F9B18B-9B12-4A61-A453-05C9DFFDEFF4}"
EndProject
Project("{FAE04EC0-301F-11D3-BF4B-00C04F79EFBC}") = "Gateway.Infrastructure", "Gateway.Infrastructure\Gateway.Infrastructure.csproj", "{E6CA7EA3-DB21-4ED3-AF5D-23A937B7BA55}"
EndProject
Project("{FAE04EC0-301F-11D3-BF4B-00C04F79EFBC}") = "Gateway.SharedKernel", "Gateway.SharedKernel\Gateway.SharedKernel.csproj", "{38267E60-D17A-4A0A-AC17-123F60B6502E}"
EndProject
Project("{2150E333-8FDC-42A3-9474-1A3956D46DE8}") = "src", "src", "{7AC62BED-9842-4B23-A2C3-A040262DFBBF}"
EndProject
Project("{2150E333-8FDC-42A3-9474-1A3956D46DE8}") = "tests", "tests", "{884D9E09-63F4-41D9-A169-F4B19D967B73}"
EndProject
Project("{FAE04EC0-301F-11D3-BF4B-00C04F79EFBC}") = "Gateway.UnitTests", "Gateway.UnitTests\Gateway.UnitTests.csproj", "{26626255-36BD-4EE5-BFAD-BD3841F7F8D1}"
EndProject
Project("{FAE04EC0-301F-11D3-BF4B-00C04F79EFBC}") = "Gateway.IntegrationTests", "Gateway.IntegrationTests\Gateway.IntegrationTests.csproj", "{10CDBBE8-8E26-439B-B9F8-8A1EEAD69939}"
EndProject
Global
	GlobalSection(SolutionConfigurationPlatforms) = preSolution
		Debug|Any CPU = Debug|Any CPU
		Release|Any CPU = Release|Any CPU
	EndGlobalSection
	GlobalSection(ProjectConfigurationPlatforms) = postSolution
		{D5A99654-F87F-4532-BBF9-B04E1E359A13}.Debug|Any CPU.ActiveCfg = Debug|Any CPU
		{D5A99654-F87F-4532-BBF9-B04E1E359A13}.Debug|Any CPU.Build.0 = Debug|Any CPU
		{D5A99654-F87F-4532-BBF9-B04E1E359A13}.Release|Any CPU.ActiveCfg = Release|Any CPU
		{D5A99654-F87F-4532-BBF9-B04E1E359A13}.Release|Any CPU.Build.0 = Release|Any CPU
		{A701DD34-99CA-4FA2-B3CE-7E6B464EFEF2}.Debug|Any CPU.ActiveCfg = Debug|Any CPU
		{A701DD34-99CA-4FA2-B3CE-7E6B464EFEF2}.Debug|Any CPU.Build.0 = Debug|Any CPU
		{A701DD34-99CA-4FA2-B3CE-7E6B464EFEF2}.Release|Any CPU.ActiveCfg = Release|Any CPU
		{A701DD34-99CA-4FA2-B3CE-7E6B464EFEF2}.Release|Any CPU.Build.0 = Release|Any CPU
		{11F9B18B-9B12-4A61-A453-05C9DFFDEFF4}.Debug|Any CPU.ActiveCfg = Debug|Any CPU
		{11F9B18B-9B12-4A61-A453-05C9DFFDEFF4}.Debug|Any CPU.Build.0 = Debug|Any CPU
		{11F9B18B-9B12-4A61-A453-05C9DFFDEFF4}.Release|Any CPU.ActiveCfg = Release|Any CPU
		{11F9B18B-9B12-4A61-A453-05C9DFFDEFF4}.Release|Any CPU.Build.0 = Release|Any CPU
		{E6CA7EA3-DB21-4ED3-AF5D-23A937B7BA55}.Debug|Any CPU.ActiveCfg = Debug|Any CPU
		{E6CA7EA3-DB21-4ED3-AF5D-23A937B7BA55}.Debug|Any CPU.Build.0 = Debug|Any CPU
		{E6CA7EA3-DB21-4ED3-AF5D-23A937B7BA55}.Release|Any CPU.ActiveCfg = Release|Any CPU
		{E6CA7EA3-DB21-4ED3-AF5D-23A937B7BA55}.Release|Any CPU.Build.0 = Release|Any CPU
		{38267E60-D17A-4A0A-AC17-123F60B6502E}.Debug|Any CPU.ActiveCfg = Debug|Any CPU
		{38267E60-D17A-4A0A-AC17-123F60B6502E}.Debug|Any CPU.Build.0 = Debug|Any CPU
		{38267E60-D17A-4A0A-AC17-123F60B6502E}.Release|Any CPU.ActiveCfg = Release|Any CPU
		{38267E60-D17A-4A0A-AC17-123F60B6502E}.Release|Any CPU.Build.0 = Release|Any CPU
		{26626255-36BD-4EE5-BFAD-BD3841F7F8D1}.Debug|Any CPU.ActiveCfg = Debug|Any CPU
		{26626255-36BD-4EE5-BFAD-BD3841F7F8D1}.Debug|Any CPU.Build.0 = Debug|Any CPU
		{26626255-36BD-4EE5-BFAD-BD3841F7F8D1}.Release|Any CPU.ActiveCfg = Release|Any CPU
		{26626255-36BD-4EE5-BFAD-BD3841F7F8D1}.Release|Any CPU.Build.0 = Release|Any CPU
		{10CDBBE8-8E26-439B-B9F8-8A1EEAD69939}.Debug|Any CPU.ActiveCfg = Debug|Any CPU
		{10CDBBE8-8E26-439B-B9F8-8A1EEAD69939}.Debug|Any CPU.Build.0 = Debug|Any CPU
		{10CDBBE8-8E26-439B-B9F8-8A1EEAD69939}.Release|Any CPU.ActiveCfg = Release|Any CPU
		{10CDBBE8-8E26-439B-B9F8-8A1EEAD69939}.Release|Any CPU.Build.0 = Release|Any CPU
	EndGlobalSection
	GlobalSection(NestedProjects) = preSolution
		{D5A99654-F87F-4532-BBF9-B04E1E359A13} = {7AC62BED-9842-4B23-A2C3-A040262DFBBF}
		{A701DD34-99CA-4FA2-B3CE-7E6B464EFEF2} = {7AC62BED-9842-4B23-A2C3-A040262DFBBF}
		{E6CA7EA3-DB21-4ED3-AF5D-23A937B7BA55} = {7AC62BED-9842-4B23-A2C3-A040262DFBBF}
		{38267E60-D17A-4A0A-AC17-123F60B6502E} = {7AC62BED-9842-4B23-A2C3-A040262DFBBF}
		{11F9B18B-9B12-4A61-A453-05C9DFFDEFF4} = {7AC62BED-9842-4B23-A2C3-A040262DFBBF}
		{26626255-36BD-4EE5-BFAD-BD3841F7F8D1} = {884D9E09-63F4-41D9-A169-F4B19D967B73}
		{10CDBBE8-8E26-439B-B9F8-8A1EEAD69939} = {884D9E09-63F4-41D9-A169-F4B19D967B73}
	EndGlobalSection
EndGlobal
